{
  "nodes": {
    "brew-src": {
      "flake": false,
      "locked": {
        "lastModified": 1774235677,
        "narHash": "sha256-0ryNYmzDAeRlrzPTAgmzGH/Cgc8iv/LBN6jWGUANvIk=",
        "owner": "Homebrew",
        "repo": "brew",
        "rev": "894a3d23ac0c8aaf561b9874b528b9cb2e839201",
        "type": "github"
      },
      "original": {
        "owner": "Homebrew",
        "ref": "5.1.1",
        "repo": "brew",
        "type": "github"
      }
    },
    "codex-cli-nix": {
      "inputs": {
        "flake-utils": "flake-utils",
        "nixpkgs": "nixpkgs"
      },
      "locked": {
        "lastModified": 1775882637,
        "narHash": "sha256-e2jaiMpQr2N/AxhRqt1NA0DU7jC9Sv0pvNnpCuyXxuw=",
        "owner": "sadjow",
        "repo": "codex-cli-nix",
        "rev": "d4223ed9ee52efe572c1612579c3c6a80bc4d8db",
        "type": "github"
      },
      "original": {
        "owner": "sadjow",
        "repo": "codex-cli-nix",
        "type": "github"
      }
    },
    "flake-compat": {
      "flake": false,
      "locked": {
        "lastModified": 1767039857,
        "narHash": "sha256-vNpUSpF5Nuw8xvDLj2KCwwksIbjua2LZCqhV1LNRDns=",
        "owner": "edolstra",
        "repo": "flake-compat",
        "rev": "5edf11c44bc78a0d334f6334cdaf7d60d732daab",
        "type": "github"
      },
      "original": {
        "owner": "edolstra",
        "repo": "flake-compat",
        "type": "github"
      }
    },
    "flake-compat_2": {
      "locked": {
        "lastModified": 1733328505,
        "narHash": "sha256-NeCCThCEP3eCl2l/+27kNNK7QrwZB1IJCrXfrbv5oqU=",
        "rev": "ff81ac966bb2cae68946d5ed5fc4994f96d0ffec",
        "revCount": 69,
        "type": "tarball",
        "url": "https://api.flakehub.com/f/pinned/edolstra/flake-compat/1.1.0/01948eb7-9cba-704f-bbf3-3fa956735b52/source.tar.gz"
      },
      "original": {
        "type": "tarball",
        "url": "https://flakehub.com/f/edolstra/flake-compat/1.tar.gz"
      }
    },
    "flake-utils": {
      "inputs": {
        "systems": "systems"
      },
      "locked": {
        "lastModified": 1731533236,
        "narHash": "sha256-l0KFg5HjrsfsO/JpG+r7fRrqm12kzFHyUHqHCVpMMbI=",
        "owner": "numtide",
        "repo": "flake-utils",
        "rev": "11707dc2f618dd54ca8739b309ec4fc024de578b",
        "type": "github"
      },
      "original": {
        "owner": "numtide",
        "repo": "flake-utils",
        "type": "github"
      }
    },
    "flake-utils_2": {
      "inputs": {
        "systems": [
          "nixpkgs-xr",
          "systems"
        ]
      },
      "locked": {
        "lastModified": 1731533236,
        "narHash": "sha256-l0KFg5HjrsfsO/JpG+r7fRrqm12kzFHyUHqHCVpMMbI=",
        "owner": "numtide",
        "repo": "flake-utils",
        "rev": "11707dc2f618dd54ca8739b309ec4fc024de578b",
        "type": "github"
      },
      "original": {
        "owner": "numtide",
        "repo": "flake-utils",
        "type": "github"
      }
    },
    "home-manager": {
      "inputs": {
        "nixpkgs": [
          "nixpkgs"
        ]
      },
      "locked": {
        "lastModified": 1775425411,
        "narHash": "sha256-KY6HsebJHEe5nHOWP7ur09mb0drGxYSzE3rQxy62rJo=",
        "owner": "nix-community",
        "repo": "home-manager",
        "rev": "0d02ec1d0a05f88ef9e74b516842900c41f0f2fe",
        "type": "github"
      },
      "original": {
        "owner": "nix-community",
        "ref": "release-25.11",
        "repo": "home-manager",
        "type": "github"
      }
    },
    "homebrew-bundle": {
      "flake": false,
      "locked": {
        "lastModified": 1745335228,
        "narHash": "sha256-TIKR2UgtyUmHLNZp255/vLs+1I10hXe+sciMEbAGFwE=",
        "owner": "homebrew",
        "repo": "homebrew-bundle",
        "rev": "a3265c84b232e13048ecbf6fc18a2eedfadbeb08",
        "type": "github"
      },
      "original": {
        "owner": "homebrew",
        "repo": "homebrew-bundle",
        "type": "github"
      }
    },
    "homebrew-cask": {
      "flake": false,
      "locked": {
        "lastModified": 1776059520,
        "narHash": "sha256-3zwZ3LJZ8wm/AqBbhyMWkzP2Zkd9rkT2z8GNXZBCgI0=",
        "owner": "homebrew",
        "repo": "homebrew-cask",
        "rev": "40349c4bc4dbdb7f2943f6ee480cb4164f455514",
        "type": "github"
      },
      "original": {
        "owner": "homebrew",
        "repo": "homebrew-cask",
        "type": "github"
      }
    },
    "homebrew-core": {
      "flake": false,
      "locked": {
        "lastModified": 1776058746,
        "narHash": "sha256-F7vS9o8nfzc1evUbVP/cjMIau2zxIDwsFi1s+wh5Rio=",
        "owner": "homebrew",
        "repo": "homebrew-core",
        "rev": "b7b820ac844c8cc1c6688646f41d1ce52b82a684",
        "type": "github"
      },
      "original": {
        "owner": "homebrew",
        "repo": "homebrew-core",
        "type": "github"
      }
    },
    "homebrew-tap": {
      "flake": false,
      "locked": {
        "lastModified": 1775904841,
        "narHash": "sha256-IyCVAUL/0Cdb1/3S4wwpmgT620XZkA7YlkMXZKu7ZsQ=",
        "owner": "BarutSRB",
        "repo": "homebrew-tap",
        "rev": "1e2283d4d5d7603c4695d040c06c4fb8b69b4a6a",
        "type": "github"
      },
      "original": {
        "owner": "BarutSRB",
        "repo": "homebrew-tap",
        "type": "github"
      }
    },
    "niri": {
      "inputs": {
        "niri-stable": "niri-stable",
        "niri-unstable": "niri-unstable",
        "nixpkgs": [
          "nixpkgs"
        ],
        "nixpkgs-stable": "nixpkgs-stable",
        "xwayland-satellite-stable": "xwayland-satellite-stable",
        "xwayland-satellite-unstable": "xwayland-satellite-unstable"
      },
      "locked": {
        "lastModified": 1775877135,
        "narHash": "sha256-nAqtUMy22olwyiOJB0CASVrbu5XB5+43GjlbIJ1KuvQ=",
        "owner": "sodiboo",
        "repo": "niri-flake",
        "rev": "f943da038fd668d435c2d17916577f295faa8839",
        "type": "github"
      },
      "original": {
        "owner": "sodiboo",
        "repo": "niri-flake",
        "type": "github"
      }
    },
    "niri-stable": {
      "flake": false,
      "locked": {
        "lastModified": 1756556321,
        "narHash": "sha256-RLD89dfjN0RVO86C/Mot0T7aduCygPGaYbog566F0Qo=",
        "owner": "YaLTeR",
        "repo": "niri",
        "rev": "01be0e65f4eb91a9cd624ac0b76aaeab765c7294",
        "type": "github"
      },
      "original": {
        "owner": "YaLTeR",
        "ref": "v25.08",
        "repo": "niri",
        "type": "github"
      }
    },
    "niri-unstable": {
      "flake": false,
      "locked": {
        "lastModified": 1775561155,
        "narHash": "sha256-TK2IrqQivRcwqJa0suZMbcsN17CtA8Uu0v7CDnLATb0=",
        "owner": "YaLTeR",
        "repo": "niri",
        "rev": "599db847f857b8a7ff78ce02f15acab5d5d9fee1",
        "type": "github"
      },
      "original": {
        "owner": "YaLTeR",
        "repo": "niri",
        "type": "github"
      }
    },
    "nix-darwin": {
      "inputs": {
        "nixpkgs": [
          "nixpkgs"
        ]
      },
      "locked": {
        "lastModified": 1772129556,
        "narHash": "sha256-Utk0zd8STPsUJPyjabhzPc5BpPodLTXrwkpXBHYnpeg=",
        "owner": "LnL7",
        "repo": "nix-darwin",
        "rev": "ebec37af18215214173c98cf6356d0aca24a2585",
        "type": "github"
      },
      "original": {
        "owner": "LnL7",
        "ref": "nix-darwin-25.11",
        "repo": "nix-darwin",
        "type": "github"
      }
    },
    "nix-homebrew": {
      "inputs": {
        "brew-src": "brew-src"
      },
      "locked": {
        "lastModified": 1774720267,
        "narHash": "sha256-YYftFe8jyfpQI649yfr0E+dqEXE2jznZNcYvy/lKV1U=",
        "owner": "zhaofengli-wip",
        "repo": "nix-homebrew",
        "rev": "a7760a3a83f7609f742861afb5732210fdc437ed",
        "type": "github"
      },
      "original": {
        "owner": "zhaofengli-wip",
        "repo": "nix-homebrew",
        "type": "github"
      }
    },
    "nixos-wsl": {
      "inputs": {
        "flake-compat": "flake-compat",
        "nixpkgs": "nixpkgs_2"
      },
      "locked": {
        "lastModified": 1774972752,
        "narHash": "sha256-DnLIpFxznohpLkIFs390uZ0gxwkVyhtknhKNu+lQJK8=",
        "owner": "nix-community",
        "repo": "NixOS-WSL",
        "rev": "d97e078f4788cddb8d11c3c99f72a4bb9ddec221",
        "type": "github"
      },
      "original": {
        "owner": "nix-community",
        "ref": "main",
        "repo": "NixOS-WSL",
        "type": "github"
      }
    },
    "nixpkgs": {
      "locked": {
        "lastModified": 1775793324,
        "narHash": "sha256-omax7atcZbol+6HJ2RLpP+ZCFcPa5bZ65Hn71RufeWQ=",
        "owner": "NixOS",
        "repo": "nixpkgs",
        "rev": "9d29d5f667d7467f98efc31881e824fa586c927e",
        "type": "github"
      },
      "original": {
        "owner": "NixOS",
        "ref": "nixpkgs-unstable",
        "repo": "nixpkgs",
        "type": "github"
      }
    },
    "nixpkgs-compat": {
      "locked": {
        "lastModified": 1751274312,
        "narHash": "sha256-/bVBlRpECLVzjV19t5KMdMFWSwKLtb5RyXdjz3LJT+g=",
        "owner": "NixOS",
        "repo": "nixpkgs",
        "rev": "50ab793786d9de88ee30ec4e4c24fb4236fc2674",
        "type": "github"
      },
      "original": {
        "owner": "NixOS",
        "ref": "nixos-24.11",
        "repo": "nixpkgs",
        "type": "github"
      }
    },
    "nixpkgs-stable": {
      "locked": {
        "lastModified": 1775811116,
        "narHash": "sha256-t+HZK42pB6N+i5RGbuy7Xluez/VvWbembBdvzsc23Ss=",
        "owner": "NixOS",
        "repo": "nixpkgs",
        "rev": "54170c54449ea4d6725efd30d719c5e505f1c10e",
        "type": "github"
      },
      "original": {
        "owner": "NixOS",
        "ref": "nixos-25.11",
        "repo": "nixpkgs",
        "type": "github"
      }
    },
    "nixpkgs-steam": {
      "locked": {
        "lastModified": 1756491913,
        "narHash": "sha256-+nky3ojrDsWsWs6XzGw4ePwT6TBw8fhiKKmMa64H12U=",
        "owner": "NixOS",
        "repo": "nixpkgs",
        "rev": "75563f8f5237c44ed7b8a51fd870ed3d6a11eb82",
        "type": "github"
      },
      "original": {
        "owner": "NixOS",
        "repo": "nixpkgs",
        "rev": "75563f8f5237c44ed7b8a51fd870ed3d6a11eb82",
        "type": "github"
      }
    },
    "nixpkgs-unstable": {
      "locked": {
        "lastModified": 1775888245,
        "narHash": "sha256-nwASzrRDD1JBEu/o8ekKYEXm/oJW6EMCzCRdrwcLe90=",
        "owner": "NixOS",
        "repo": "nixpkgs",
        "rev": "13043924aaa7375ce482ebe2494338e058282925",
        "type": "github"
      },
      "original": {
        "owner": "NixOS",
        "ref": "nixpkgs-unstable",
        "repo": "nixpkgs",
        "type": "github"
      }
    },
    "nixpkgs-xr": {
      "inputs": {
        "flake-compat": "flake-compat_2",
        "flake-utils": "flake-utils_2",
        "nixpkgs": "nixpkgs_4",
        "nvfetcher": "nvfetcher",
        "systems": "systems_2",
        "treefmt-nix": "treefmt-nix"
      },
      "locked": {
        "lastModified": 1775985770,
        "narHash": "sha256-k7MaB2xZH7i3JB+ESIkHuAOXpRcNOD6ELeuXWiVJvCk=",
        "owner": "nix-community",
        "repo": "nixpkgs-xr",
        "rev": "c374d05f3bacec9a2f50f4c5621d851751d480a2",
        "type": "github"
      },
      "original": {
        "owner": "nix-community",
        "repo": "nixpkgs-xr",
        "type": "github"
      }
    },
    "nixpkgs_2": {
      "locked": {
        "lastModified": 1773734432,
        "narHash": "sha256-IF5ppUWh6gHGHYDbtVUyhwy/i7D261P7fWD1bPefOsw=",
        "owner": "NixOS",
        "repo": "nixpkgs",
        "rev": "cda48547b432e8d3b18b4180ba07473762ec8558",
        "type": "github"
      },
      "original": {
        "owner": "NixOS",
        "ref": "nixos-unstable",
        "repo": "nixpkgs",
        "type": "github"
      }
    },
    "nixpkgs_3": {
      "locked": {
        "lastModified": 1775811116,
        "narHash": "sha256-t+HZK42pB6N+i5RGbuy7Xluez/VvWbembBdvzsc23Ss=",
        "owner": "NixOS",
        "repo": "nixpkgs",
        "rev": "54170c54449ea4d6725efd30d719c5e505f1c10e",
        "type": "github"
      },
      "original": {
        "owner": "NixOS",
        "ref": "nixos-25.11",
        "repo": "nixpkgs",
        "type": "github"
      }
    },
    "nixpkgs_4": {
      "locked": {
        "lastModified": 1775710090,
        "narHash": "sha256-ar3rofg+awPB8QXDaFJhJ2jJhu+KqN/PRCXeyuXR76E=",
        "owner": "NixOS",
        "repo": "nixpkgs",
        "rev": "4c1018dae018162ec878d42fec712642d214fdfa",
        "type": "github"
      },
      "original": {
        "owner": "NixOS",
        "ref": "nixos-unstable",
        "repo": "nixpkgs",
        "type": "github"
      }
    },
    "nixpkgs_5": {
      "locked": {
        "lastModified": 1773909469,
        "narHash": "sha256-vglVrLfHjFIzIdV9A27Ugul6rh3I1qHbbitGW7dk420=",
        "owner": "NixOS",
        "repo": "nixpkgs",
        "rev": "7149c06513f335be57f26fcbbbe34afda923882b",
        "type": "github"
      },
      "original": {
        "owner": "NixOS",
        "ref": "nixpkgs-unstable",
        "repo": "nixpkgs",
        "type": "github"
      }
    },
    "noctalia": {
      "inputs": {
        "nixpkgs": [
          "nixpkgs"
        ],
        "noctalia-qs": "noctalia-qs"
      },
      "locked": {
        "lastModified": 1776043445,
        "narHash": "sha256-ie3vFwg0eZTTHBDCRm+ee/PecbtdPn/pyL6hlotAfeQ=",
        "owner": "noctalia-dev",
        "repo": "noctalia-shell",
        "rev": "e56a9db57ed61ea248f109edd60965faf56d3da2",
        "type": "github"
      },
      "original": {
        "owner": "noctalia-dev",
        "repo": "noctalia-shell",
        "type": "github"
      }
    },
    "noctalia-qs": {
      "inputs": {
        "nixpkgs": [
          "noctalia",
          "nixpkgs"
        ],
        "systems": "systems_3",
        "treefmt-nix": "treefmt-nix_2"
      },
      "locked": {
        "lastModified": 1775957204,
        "narHash": "sha256-d4CVRtAty2GzDYXx4xYQmR+nlOjjKovyprQfZhgLckU=",
        "owner": "noctalia-dev",
        "repo": "noctalia-qs",
        "rev": "68e82fe34c68ee839a9c37e3466820e266af0c86",
        "type": "github"
      },
      "original": {
        "owner": "noctalia-dev",
        "repo": "noctalia-qs",
        "type": "github"
      }
    },
    "nvfetcher": {
      "inputs": {
        "flake-compat": [
          "nixpkgs-xr",
          "flake-compat"
        ],
        "flake-utils": [
          "nixpkgs-xr",
          "flake-utils"
        ],
        "nixpkgs": [
          "nixpkgs-xr",
          "nixpkgs"
        ]
      },
      "locked": {
        "lastModified": 1766178214,
        "narHash": "sha256-tKDXreDwrRkdjvfot5fr1++ed6oOq3+/hW/Dj8WfTgs=",
        "owner": "Red-M",
        "repo": "nvfetcher",
        "rev": "a84b3ce67f1d7acd85b3aa2b9967ab91ed6e7a71",
        "type": "github"
      },
      "original": {
        "owner": "Red-M",
        "repo": "nvfetcher",
        "rev": "a84b3ce67f1d7acd85b3aa2b9967ab91ed6e7a71",
        "type": "github"
      }
    },
    "opencode": {
      "inputs": {
        "nixpkgs": "nixpkgs_5"
      },
      "locked": {
        "lastModified": 1776064629,
        "narHash": "sha256-qejeM5QLBvP4wIGtJ6Vm/ofMLTP1WVBIFrBFgo5braI=",
        "owner": "anomalyco",
        "repo": "opencode",
        "rev": "cb1a50055c9112bf18bec20f64026a3357c0d35b",
        "type": "github"
      },
      "original": {
        "owner": "anomalyco",
        "ref": "dev",
        "repo": "opencode",
        "type": "github"
      }
    },
    "root": {
      "inputs": {
        "codex-cli-nix": "codex-cli-nix",
        "home-manager": "home-manager",
        "homebrew-bundle": "homebrew-bundle",
        "homebrew-cask": "homebrew-cask",
        "homebrew-core": "homebrew-core",
        "homebrew-tap": "homebrew-tap",
        "niri": "niri",
        "nix-darwin": "nix-darwin",
        "nix-homebrew": "nix-homebrew",
        "nixos-wsl": "nixos-wsl",
        "nixpkgs": "nixpkgs_3",
        "nixpkgs-compat": "nixpkgs-compat",
        "nixpkgs-steam": "nixpkgs-steam",
        "nixpkgs-unstable": "nixpkgs-unstable",
        "nixpkgs-xr": "nixpkgs-xr",
        "noctalia": "noctalia",
        "opencode": "opencode",
        "zen-browser": "zen-browser"
      }
    },
    "systems": {
      "locked": {
        "lastModified": 1681028828,
        "narHash": "sha256-Vy1rq5AaRuLzOxct8nz4T6wlgyUR7zLU309k9mBC768=",
        "owner": "nix-systems",
        "repo": "default",
        "rev": "da67096a3b9bf56a91d16901293e51ba5b49a27e",
        "type": "github"
      },
      "original": {
        "owner": "nix-systems",
        "repo": "default",
        "type": "github"
      }
    },
    "systems_2": {
      "locked": {
        "lastModified": 1689347949,
        "narHash": "sha256-12tWmuL2zgBgZkdoB6qXZsgJEH9LR3oUgpaQq2RbI80=",
        "owner": "nix-systems",
        "repo": "default-linux",
        "rev": "31732fcf5e8fea42e59c2488ad31a0e651500f68",
        "type": "github"
      },
      "original": {
        "owner": "nix-systems",
        "repo": "default-linux",
        "type": "github"
      }
    },
    "systems_3": {
      "locked": {
        "lastModified": 1689347949,
        "narHash": "sha256-12tWmuL2zgBgZkdoB6qXZsgJEH9LR3oUgpaQq2RbI80=",
        "owner": "nix-systems",
        "repo": "default-linux",
        "rev": "31732fcf5e8fea42e59c2488ad31a0e651500f68",
        "type": "github"
      },
      "original": {
        "owner": "nix-systems",
        "repo": "default-linux",
        "type": "github"
      }
    },
    "treefmt-nix": {
      "inputs": {
        "nixpkgs": [
          "nixpkgs-xr",
          "nixpkgs"
        ]
      },
      "locked": {
        "lastModified": 1775636079,
        "narHash": "sha256-pc20NRoMdiar8oPQceQT47UUZMBTiMdUuWrYu2obUP0=",
        "owner": "numtide",
        "repo": "treefmt-nix",
        "rev": "790751ff7fd3801feeaf96d7dc416a8d581265ba",
        "type": "github"
      },
      "original": {
        "owner": "numtide",
        "repo": "treefmt-nix",
        "type": "github"
      }
    },
    "treefmt-nix_2": {
      "inputs": {
        "nixpkgs": [
          "noctalia",
          "noctalia-qs",
          "nixpkgs"
        ]
      },
      "locked": {
        "lastModified": 1775636079,
        "narHash": "sha256-pc20NRoMdiar8oPQceQT47UUZMBTiMdUuWrYu2obUP0=",
        "owner": "numtide",
        "repo": "treefmt-nix",
        "rev": "790751ff7fd3801feeaf96d7dc416a8d581265ba",
        "type": "github"
      },
      "original": {
        "owner": "numtide",
        "repo": "treefmt-nix",
        "type": "github"
      }
    },
    "xwayland-satellite-stable": {
      "flake": false,
      "locked": {
        "lastModified": 1755491097,
        "narHash": "sha256-m+9tUfsmBeF2Gn4HWa6vSITZ4Gz1eA1F5Kh62B0N4oE=",
        "owner": "Supreeeme",
        "repo": "xwayland-satellite",
        "rev": "388d291e82ffbc73be18169d39470f340707edaa",
        "type": "github"
      },
      "original": {
        "owner": "Supreeeme",
        "ref": "v0.7",
        "repo": "xwayland-satellite",
        "type": "github"
      }
    },
    "xwayland-satellite-unstable": {
      "flake": false,
      "locked": {
        "lastModified": 1773622265,
        "narHash": "sha256-wToKwH7IgWdGLMSIWksEDs4eumR6UbbsuPQ42r0oTXQ=",
        "owner": "Supreeeme",
        "repo": "xwayland-satellite",
        "rev": "a879e5e0896a326adc79c474bf457b8b99011027",
        "type": "github"
      },
      "original": {
        "owner": "Supreeeme",
        "repo": "xwayland-satellite",
        "type": "github"
      }
    },
    "zen-browser": {
      "inputs": {
        "home-manager": [
          "home-manager"
        ],
        "nixpkgs": [
          "nixpkgs"
        ]
      },
      "locked": {
        "lastModified": 1775961625,
        "narHash": "sha256-8SjilptVv9dSTvn0Z5j65vHHu+flmPXeyrGaSyRJm7U=",
        "owner": "0xc000022070",
        "repo": "zen-browser-flake",
        "rev": "0eaab249f5ca1c55921e99cfe07187410758c9fa",
        "type": "github"
      },
      "original": {
        "owner": "0xc000022070",
        "repo": "zen-browser-flake",
        "type": "github"
      }
    }
  },
  "root": "root",
  "version": 7
}
